
Microsoft Visual Studio Solution File, Format Version 12.00
# Visual Studio Version 17
VisualStudioVersion = 17.9.34728.123
MinimumVisualStudioVersion = 10.0.40219.1
Project("{FAE04EC0-301F-11D3-BF4B-00C04F79EFBC}") = "DA_LTUDNet", "DA_LTUDNet\DA_LTUDNet.csproj", "{755C097E-6752-4BF7-823C-0E7BA7B8F523}"
EndProject
Global
	GlobalSection(SolutionConfigurationPlatforms) = preSolution
		Debug|Any CPU = Debug|Any CPU
		Release|Any CPU = Release|Any CPU
	EndGlobalSection
	GlobalSection(ProjectConfigurationPlatforms) = postSolution
		{755C097E-6752-4BF7-823C-0E7BA7B8F523}.Debug|Any CPU.ActiveCfg = Debug|Any CPU
		{755C097E-6752-4BF7-823C-0E7BA7B8F523}.Debug|Any CPU.Build.0 = Debug|Any CPU
		{755C097E-6752-4BF7-823C-0E7BA7B8F523}.Release|Any CPU.ActiveCfg = Release|Any CPU
		{755C097E-6752-4BF7-823C-0E7BA7B8F523}.Release|Any CPU.Build.0 = Release|Any CPU
	EndGlobalSection
	GlobalSection(SolutionProperties) = preSolution
		HideSolutionNode = FALSE
	EndGlobalSection
	GlobalSection(ExtensibilityGlobals) = postSolution
		SolutionGuid = {7DF3E55A-092E-4623-A403-9F2E82818993}
	EndGlobalSection
EndGlobal
